<?xml version="1.0" encoding="utf-8"?>
<Project ToolsVersion="4.0" xmlns="http://schemas.microsoft.com/developer/msbuild/2003">
  <ItemGroup>
    <Filter Include="Source Files">
      <UniqueIdentifier>{82e60018-c1b3-4cf9-8cfe-6cd04f79af3a}</UniqueIdentifier>
      <Extensions>cpp;c;cxx;rc;def;r;odl;idl;hpj;bat</Extensions>
    </Filter>
    <Filter Include="Header Files">
      <UniqueIdentifier>{21c82eba-b793-4bae-bcc5-a9a47eb81b70}</UniqueIdentifier>
      <Extensions>h;hpp;hxx;hm;inl</Extensions>
    </Filter>
    <Filter Include="Resource Files">
      <UniqueIdentifier>{cc0e5bc3-c582-46b2-b90b-367391c7076b}</UniqueIdentifier>
      <Extensions>ico;cur;bmp;dlg;rc2;rct;bin;rgs;gif;jpg;jpeg;jpe</Extensions>
    </Filter>
  </ItemGroup>
  <ItemGroup>
    <ClCompile Include="AboutDlg.cpp">
      <Filter>Source Files</Filter>
    </ClCompile>
    <ClCompile Include="Base.cpp">
      <Filter>Source Files</Filter>
    </ClCompile>
    <ClCompile Include="BaseInfoDlg.cpp">
      <Filter>Source Files</Filter>
    </ClCompile>
    <ClCompile Include="Datas.cpp">
      <Filter>Source Files</Filter>
    </ClCompile>
    <ClCompile Include="Dockable.cpp">
      <Filter>Source Files</Filter>
    </ClCompile>
    <ClCompile Include="DynEconDlg.cpp">
      <Filter>Source Files</Filter>
    </ClCompile>
    <ClCompile Include="Faction.cpp">
      <Filter>Source Files</Filter>
    </ClCompile>
    <ClCompile Include="FLCompanion.cpp">
      <Filter>Source Files</Filter>
    </ClCompile>
    <ClCompile Include="FLCompanionDlg.cpp">
      <Filter>Source Files</Filter>
    </ClCompile>
    <ClCompile Include="Good.cpp">
      <Filter>Source Files</Filter>
    </ClCompile>
    <ClCompile Include="GoodsRepoDlg.cpp">
      <Filter>Source Files</Filter>
    </ClCompile>
    <ClCompile Include="IniFile.cpp">
      <Filter>Source Files</Filter>
    </ClCompile>
    <ClCompile Include="Jump.cpp">
      <Filter>Source Files</Filter>
    </ClCompile>
    <ClCompile Include="LimitationsDlg.cpp">
      <Filter>Source Files</Filter>
    </ClCompile>
    <ClCompile Include="LogDlg.cpp">
      <Filter>Source Files</Filter>
    </ClCompile>
    <ClCompile Include="MiningBaseDlg.cpp">
      <Filter>Source Files</Filter>
    </ClCompile>
    <ClCompile Include="ModInfoDlg.cpp">
      <Filter>Source Files</Filter>
    </ClCompile>
    <ClCompile Include="ResourceProvider.cpp">
      <Filter>Source Files</Filter>
    </ClCompile>
    <ClCompile Include="SpeedDelaysDlg.cpp">
      <Filter>Source Files</Filter>
    </ClCompile>
    <ClCompile Include="StdAfx.cpp">
      <Filter>Source Files</Filter>
    </ClCompile>
    <ClCompile Include="System.cpp">
      <Filter>Source Files</Filter>
    </ClCompile>
    <ClCompile Include="SystemMap.cpp">
      <Filter>Source Files</Filter>
    </ClCompile>
    <ClCompile Include="ListCtrl.cpp">
      <Filter>Source Files</Filter>
    </ClCompile>
    <ClCompile Include="WndResizer.cpp">
      <Filter>Source Files</Filter>
    </ClCompile>
  </ItemGroup>
  <ItemGroup>
    <ResourceCompile Include="FLCompanion.rc">
      <Filter>Source Files</Filter>
    </ResourceCompile>
  </ItemGroup>
  <ItemGroup>
    <ClInclude Include="AboutDlg.h">
      <Filter>Header Files</Filter>
    </ClInclude>
    <ClInclude Include="Base.h">
      <Filter>Header Files</Filter>
    </ClInclude>
    <ClInclude Include="BaseInfoDlg.h">
      <Filter>Header Files</Filter>
    </ClInclude>
    <ClInclude Include="Datas.h">
      <Filter>Header Files</Filter>
    </ClInclude>
    <ClInclude Include="Dockable.h">
      <Filter>Header Files</Filter>
    </ClInclude>
    <ClInclude Include="DynEconDlg.h">
      <Filter>Header Files</Filter>
    </ClInclude>
    <ClInclude Include="Faction.h">
      <Filter>Header Files</Filter>
    </ClInclude>
    <ClInclude Include="FLCompanion.h">
      <Filter>Header Files</Filter>
    </ClInclude>
    <ClInclude Include="FLCompanionDlg.h">
      <Filter>Header Files</Filter>
    </ClInclude>
    <ClInclude Include="Good.h">
      <Filter>Header Files</Filter>
    </ClInclude>
    <ClInclude Include="GoodsRepoDlg.h">
      <Filter>Header Files</Filter>
    </ClInclude>
    <ClInclude Include="IniFile.h">
      <Filter>Header Files</Filter>
    </ClInclude>
    <ClInclude Include="Jump.h">
      <Filter>Header Files</Filter>
    </ClInclude>
    <ClInclude Include="LimitationsDlg.h">
      <Filter>Header Files</Filter>
    </ClInclude>
    <ClInclude Include="LogDlg.h">
      <Filter>Header Files</Filter>
    </ClInclude>
    <ClInclude Include="MiningBaseDlg.h">
      <Filter>Header Files</Filter>
    </ClInclude>
    <ClInclude Include="ModInfoDlg.h">
      <Filter>Header Files</Filter>
    </ClInclude>
    <ClInclude Include="ResourceProvider.h">
      <Filter>Header Files</Filter>
    </ClInclude>
    <ClInclude Include="SpeedDelaysDlg.h">
      <Filter>Header Files</Filter>
    </ClInclude>
    <ClInclude Include="StdAfx.h">
      <Filter>Header Files</Filter>
    </ClInclude>
    <ClInclude Include="System.h">
      <Filter>Header Files</Filter>
    </ClInclude>
    <ClInclude Include="SystemMap.h">
      <Filter>Header Files</Filter>
    </ClInclude>
    <ClInclude Include="WndResizer.h">
      <Filter>Header Files</Filter>
    </ClInclude>
    <ClInclude Include="resource.h">
      <Filter>Header Files</Filter>
    </ClInclude>
    <ClInclude Include="ScopedPtr.h">
      <Filter>Header Files</Filter>
    </ClInclude>
  </ItemGroup>
  <ItemGroup>
    <Image Include="res\back_arrow.ico">
      <Filter>Resource Files</Filter>
    </Image>
    <Image Include="res\FLCompanion.ico">
      <Filter>Resource Files</Filter>
    </Image>
    <Image Include="res\jump.ico">
      <Filter>Resource Files</Filter>
    </Image>
    <Image Include="res\switch_arrow.ico">
      <Filter>Resource Files</Filter>
    </Image>
    <Image Include="res\up_arrow.ico">
      <Filter>Resource Files</Filter>
    </Image>
    <Image Include="res\down_arrow.ico">
      <Filter>Resource Files</Filter>
    </Image>
    <Image Include="res\map.ico">
      <Filter>Resource Files</Filter>
    </Image>
  </ItemGroup>
  <ItemGroup>
    <Text Include="ReadMe.txt" />
  </ItemGroup>
  <ItemGroup>
    <CustomBuild Include="res\FLCompanion.rc2">
      <Filter>Resource Files</Filter>
    </CustomBuild>
  </ItemGroup>
</Project>